// !$*UTF8*$!
{
	archiveVersion = 1;
	classes = {
	};
	objectVersion = 50;
	objects = {

/* Begin PBXBuildFile section */
		5F4241B726A06AB2000D528A /* TicTacToeApp.swift in Sources */ = {isa = PBXBuildFile; fileRef = 5F4241B626A06AB2000D528A /* TicTacToeApp.swift */; };
		5F4241B926A06AB2000D528A /* GameView.swift in Sources */ = {isa = PBXBuildFile; fileRef = 5F4241B826A06AB2000D528A /* GameView.swift */; };
		5F4241BB26A06AB5000D528A /* Assets.xcassets in Resources */ = {isa = PBXBuildFile; fileRef = 5F4241BA26A06AB5000D528A /* Assets.xcassets */; };
		5F4241BE26A06AB5000D528A /* Preview Assets.xcassets in Resources */ = {isa = PBXBuildFile; fileRef = 5F4241BD26A06AB5000D528A /* Preview Assets.xcassets */; };
		5F4241C826A1DE58000D528A /* Alerts.swift in Sources */ = {isa = PBXBuildFile; fileRef = 5F4241C726A1DE58000D528A /* Alerts.swift */; };
		5F4241CA26A1E49F000D528A /* GameViewModel.swift in Sources */ = {isa = PBXBuildFile; fileRef = 5F4241C926A1E49F000D528A /* GameViewModel.swift */; };
		5F4241CD26A1E9C7000D528A /* PlayerMovesModel.swift in Sources */ = {isa = PBXBuildFile; fileRef = 5F4241CC26A1E9C7000D528A /* PlayerMovesModel.swift */; };
		5F4241CF26A1EA07000D528A /* BoardViews.swift in Sources */ = {isa = PBXBuildFile; fileRef = 5F4241CE26A1EA07000D528A /* BoardViews.swift */; };
/* End PBXBuildFile section */

/* Begin PBXFileReference section */
		5F4241B326A06AB2000D528A /* TicTacToe.app */ = {isa = PBXFileReference; explicitFileType = wrapper.application; includeInIndex = 0; path = TicTacToe.app; sourceTree = BUILT_PRODUCTS_DIR; };
		5F4241B626A06AB2000D528A /* TicTacToeApp.swift */ = {isa = PBXFileReference; lastKnownFileType = sourcecode.swift; path = TicTacToeApp.swift; sourceTree = "<group>"; };
		5F4241B826A06AB2000D528A /* GameView.swift */ = {isa = PBXFileReference; lastKnownFileType = sourcecode.swift; path = GameView.swift; sourceTree = "<group>"; };
		5F4241BA26A06AB5000D528A /* Assets.xcassets */ = {isa = PBXFileReference; lastKnownFileType = folder.assetcatalog; path = Assets.xcassets; sourceTree = "<group>"; };
		5F4241BD26A06AB5000D528A /* Preview Assets.xcassets */ = {isa = PBXFileReference; lastKnownFileType = folder.assetcatalog; path = "Preview Assets.xcassets"; sourceTree = "<group>"; };
		5F4241BF26A06AB5000D528A /* Info.plist */ = {isa = PBXFileReference; lastKnownFileType = text.plist.xml; path = Info.plist; sourceTree = "<group>"; };
		5F4241C726A1DE58000D528A /* Alerts.swift */ = {isa = PBXFileReference; lastKnownFileType = sourcecode.swift; path = Alerts.swift; sourceTree = "<group>"; };
		5F4241C926A1E49F000D528A /* GameViewModel.swift */ = {isa = PBXFileReference; lastKnownFileType = sourcecode.swift; path = GameViewModel.swift; sourceTree = "<group>"; };
		5F4241CC26A1E9C7000D528A /* PlayerMovesModel.swift */ = {isa = PBXFileReference; lastKnownFileType = sourcecode.swift; path = PlayerMovesModel.swift; sourceTree = "<group>"; };
		5F4241CE26A1EA07000D528A /* BoardViews.swift */ = {isa = PBXFileReference; lastKnownFileType = sourcecode.swift; path = BoardViews.swift; sourceTree = "<group>"; };
/* End PBXFileReference section */

/* Begin PBXFrameworksBuildPhase section */
		5F4241B026A06AB2000D528A /* Frameworks */ = {
			isa = PBXFrameworksBuildPhase;
			buildActionMask = 2147483647;
			files = (
			);
			runOnlyForDeploymentPostprocessing = 0;
		};
/* End PBXFrameworksBuildPhase section */

/* Begin PBXGroup section */
		5F01591D26A2C193006F0BD9 /* HelperClasses */ = {
			isa = PBXGroup;
			children = (
				5F4241C726A1DE58000D528A /* Alerts.swift */,
			);
			path = HelperClasses;
			sourceTree = "<group>";
		};
		5F4241AA26A06AB2000D528A = {
			isa = PBXGroup;
			children = (
				5F4241B526A06AB2000D528A /* TicTacToe */,
				5F4241B426A06AB2000D528A /* Products */,
			);
			sourceTree = "<group>";
		};
		5F4241B426A06AB2000D528A /* Products */ = {
			isa = PBXGroup;
			children = (
				5F4241B326A06AB2000D528A /* TicTacToe.app */,
			);
			name = Products;
			sourceTree = "<group>";
		};
		5F4241B526A06AB2000D528A /* TicTacToe */ = {
			isa = PBXGroup;
			children = (
				5F01591D26A2C193006F0BD9 /* HelperClasses */,
				5F4241D026A1EA14000D528A /* Views */,
				5F4241CB26A1E9AA000D528A /* Models */,
				5F4241B626A06AB2000D528A /* TicTacToeApp.swift */,
				5F4241B826A06AB2000D528A /* GameView.swift */,
				5F4241C926A1E49F000D528A /* GameViewModel.swift */,
				5F4241BA26A06AB5000D528A /* Assets.xcassets */,
				5F4241BF26A06AB5000D528A /* Info.plist */,
				5F4241BC26A06AB5000D528A /* Preview Content */,
			);
			path = TicTacToe;
			sourceTree = "<group>";
		};
		5F4241BC26A06AB5000D528A /* Preview Content */ = {
			isa = PBXGroup;
			children = (
				5F4241BD26A06AB5000D528A /* Preview Assets.xcassets */,
			);
			path = "Preview Content";
			sourceTree = "<group>";
		};
		5F4241CB26A1E9AA000D528A /* Models */ = {
			isa = PBXGroup;
			children = (
				5F4241CC26A1E9C7000D528A /* PlayerMovesModel.swift */,
			);
			path = Models;
			sourceTree = "<group>";
		};
		5F4241D026A1EA14000D528A /* Views */ = {
			isa = PBXGroup;
			children = (
				5F4241CE26A1EA07000D528A /* BoardViews.swift */,
			);
			path = Views;
			sourceTree = "<group>";
		};
/* End PBXGroup section */

/* Begin PBXNativeTarget section */
		5F4241B226A06AB2000D528A /* TicTacToe */ = {
			isa = PBXNativeTarget;
			buildConfigurationList = 5F4241C226A06AB5000D528A /* Build configuration list for PBXNativeTarget "TicTacToe" */;
			buildPhases = (
				5F4241AF26A06AB2000D528A /* Sources */,
				5F4241B026A06AB2000D528A /* Frameworks */,
				5F4241B126A06AB2000D528A /* Resources */,
			);
			buildRules = (
			);
			dependencies = (
			);
			name = TicTacToe;
			productName = TicTacToe;
			productReference = 5F4241B326A06AB2000D528A /* TicTacToe.app */;
			productType = "com.apple.product-type.application";
		};
/* End PBXNativeTarget section */

/* Begin PBXProject section */
		5F4241AB26A06AB2000D528A /* Project object */ = {
			isa = PBXProject;
			attributes = {
				LastSwiftUpdateCheck = 1250;
				LastUpgradeCheck = 1250;
				TargetAttributes = {
					5F4241B226A06AB2000D528A = {
						CreatedOnToolsVersion = 12.5;
					};
				};
			};
			buildConfigurationList = 5F4241AE26A06AB2000D528A /* Build configuration list for PBXProject "TicTacToe" */;
			compatibilityVersion = "Xcode 9.3";
			developmentRegion = en;
			hasScannedForEncodings = 0;
			knownRegions = (
				en,
				Base,
			);
			mainGroup = 5F4241AA26A06AB2000D528A;
			productRefGroup = 5F4241B426A06AB2000D528A /* Products */;
			projectDirPath = "";
			projectRoot = "";
			targets = (
				5F4241B226A06AB2000D528A /* TicTacToe */,
			);
		};
/* End PBXProject section */

/* Begin PBXResourcesBuildPhase section */
		5F4241B126A06AB2000D528A /* Resources */ = {
			isa = PBXResourcesBuildPhase;
			buildActionMask = 2147483647;
			files = (
				5F4241BE26A06AB5000D528A /* Preview Assets.xcassets in Resources */,
				5F4241BB26A06AB5000D528A /* Assets.xcassets in Resources */,
			);
			runOnlyForDeploymentPostprocessing = 0;
		};
/* End PBXResourcesBuildPhase section */

/* Begin PBXSourcesBuildPhase section */
		5F4241AF26A06AB2000D528A /* Sources */ = {
			isa = PBXSourcesBuildPhase;
			buildActionMask = 2147483647;
			files = (
				5F4241CA26A1E49F000D528A /* GameViewModel.swift in Sources */,
				5F4241CF26A1EA07000D528A /* BoardViews.swift in Sources */,
				5F4241B926A06AB2000D528A /* GameView.swift in Sources */,
				5F4241C826A1DE58000D528A /* Alerts.swift in Sources */,
				5F4241CD26A1E9C7000D528A /* PlayerMovesModel.swift in Sources */,
				5F4241B726A06AB2000D528A /* TicTacToeApp.swift in Sources */,
			);
			runOnlyForDeploymentPostprocessing = 0;
		};
/* End PBXSourcesBuildPhase section */

/* Begin XCBuildConfiguration section */
		5F4241C026A06AB5000D528A /* Debug */ = {
			isa = XCBuildConfiguration;
			buildSettings = {
				ALWAYS_SEARCH_USER_PATHS = NO;
				CLANG_ANALYZER_NONNULL = YES;
				CLANG_ANALYZER_NUMBER_OBJECT_CONVERSION = YES_AGGRESSIVE;
				CLANG_CXX_LANGUAGE_STANDARD = "gnu++14";
				CLANG_CXX_LIBRARY = "libc++";
				CLANG_ENABLE_MODULES = YES;
				CLANG_ENABLE_OBJC_ARC = YES;
				CLANG_ENABLE_OBJC_WEAK = YES;
				CLANG_WARN_BLOCK_CAPTURE_AUTORELEASING = YES;
				CLANG_WARN_BOOL_CONVERSION = YES;
				CLANG_WARN_COMMA = YES;
				CLANG_WARN_CONSTANT_CONVERSION = YES;
				CLANG_WARN_DEPRECATED_OBJC_IMPLEMENTATIONS = YES;
				CLANG_WARN_DIRECT_OBJC_ISA_USAGE = YES_ERROR;
				CLANG_WARN_DOCUMENTATION_COMMENTS = YES;
				CLANG_WARN_EMPTY_BODY = YES;
				CLANG_WARN_ENUM_CONVERSION = YES;
				CLANG_WARN_INFINITE_RECURSION = YES;
				CLANG_WARN_INT_CONVERSION = YES;
				CLANG_WARN_NON_LITERAL_NULL_CONVERSION = YES;
				CLANG_WARN_OBJC_IMPLICIT_RETAIN_SELF = YES;
				CLANG_WARN_OBJC_LITERAL_CONVERSION = YES;
				CLANG_WARN_OBJC_ROOT_CLASS = YES_ERROR;
				CLANG_WARN_QUOTED_INCLUDE_IN_FRAMEWORK_HEADER = YES;
				CLANG_WARN_RANGE_LOOP_ANALYSIS = YES;
				CLANG_WARN_STRICT_PROTOTYPES = YES;
				CLANG_WARN_SUSPICIOUS_MOVE = YES;
				CLANG_WARN_UNGUARDED_AVAILABILITY = YES_AGGRESSIVE;
				CLANG_WARN_UNREACHABLE_CODE = YES;
				CLANG_WARN__DUPLICATE_METHOD_MATCH = YES;
				COPY_PHASE_STRIP = NO;
				DEBUG_INFORMATION_FORMAT = dwarf;
				ENABLE_STRICT_OBJC_MSGSEND = YES;
				ENABLE_TESTABILITY = YES;
				GCC_C_LANGUAGE_STANDARD = gnu11;
				GCC_DYNAMIC_NO_PIC = NO;
				GCC_NO_COMMON_BLOCKS = YES;
				GCC_OPTIMIZATION_LEVEL = 0;
				GCC_PREPROCESSOR_DEFINITIONS = (
					"DEBUG=1",
					"$(inherited)",
				);
				GCC_WARN_64_TO_32_BIT_CONVERSION = YES;
				GCC_WARN_ABOUT_RETURN_TYPE = YES_ERROR;
				GCC_WARN_UNDECLARED_SELECTOR = YES;
				GCC_WARN_UNINITIALIZED_AUTOS = YES_AGGRESSIVE;
				GCC_WARN_UNUSED_FUNCTION = YES;
				GCC_WARN_UNUSED_VARIABLE = YES;
				IPHONEOS_DEPLOYMENT_TARGET = 13.0;
				MTL_ENABLE_DEBUG_INFO = INCLUDE_SOURCE;
				MTL_FAST_MATH = YES;
				ONLY_ACTIVE_ARCH = YES;
				SDKROOT = iphoneos;
				SWIFT_ACTIVE_COMPILATION_CONDITIONS = DEBUG;
				SWIFT_OPTIMIZATION_LEVEL = "-Onone";
			};
			name = Debug;
		};
		5F4241C126A06AB5000D528A /* Release */ = {
			isa = XCBuildConfiguration;
			buildSettings = {
				ALWAYS_SEARCH_USER_PATHS = NO;
				CLANG_ANALYZER_NONNULL = YES;
				CLANG_ANALYZER_NUMBER_OBJECT_CONVERSION = YES_AGGRESSIVE;
				CLANG_CXX_LANGUAGE_STANDARD = "gnu++14";
				CLANG_CXX_LIBRARY = "libc++";
				CLANG_ENABLE_MODULES = YES;
				CLANG_ENABLE_OBJC_ARC = YES;
				CLANG_ENABLE_OBJC_WEAK = YES;
				CLANG_WARN_BLOCK_CAPTURE_AUTORELEASING = YES;
				CLANG_WARN_BOOL_CONVERSION = YES;
				CLANG_WARN_COMMA = YES;
				CLANG_WARN_CONSTANT_CONVERSION = YES;
				CLANG_WARN_DEPRECATED_OBJC_IMPLEMENTATIONS = YES;
				CLANG_WARN_DIRECT_OBJC_ISA_USAGE = YES_ERROR;
				CLANG_WARN_DOCUMENTATION_COMMENTS = YES;
				CLANG_WARN_EMPTY_BODY = YES;
				CLANG_WARN_ENUM_CONVERSION = YES;
				CLANG_WARN_INFINITE_RECURSION = YES;
				CLANG_WARN_INT_CONVERSION = YES;
				CLANG_WARN_NON_LITERAL_NULL_CONVERSION = YES;
				CLANG_WARN_OBJC_IMPLICIT_RETAIN_SELF = YES;
				CLANG_WARN_OBJC_LITERAL_CONVERSION = YES;
				CLANG_WARN_OBJC_ROOT_CLASS = YES_ERROR;
				CLANG_WARN_QUOTED_INCLUDE_IN_FRAMEWORK_HEADER = YES;
				CLANG_WARN_RANGE_LOOP_ANALYSIS = YES;
				CLANG_WARN_STRICT_PROTOTYPES = YES;
				CLANG_WARN_SUSPICIOUS_MOVE = YES;
				CLANG_WARN_UNGUARDED_AVAILABILITY = YES_AGGRESSIVE;
				CLANG_WARN_UNREACHABLE_CODE = YES;
				CLANG_WARN__DUPLICATE_METHOD_MATCH = YES;
				COPY_PHASE_STRIP = NO;
				DEBUG_INFORMATION_FORMAT = "dwarf-with-dsym";
				ENABLE_NS_ASSERTIONS = NO;
				ENABLE_STRICT_OBJC_MSGSEND = YES;
				GCC_C_LANGUAGE_STANDARD = gnu11;
				GCC_NO_COMMON_BLOCKS = YES;
				GCC_WARN_64_TO_32_BIT_CONVERSION = YES;
				GCC_WARN_ABOUT_RETURN_TYPE = YES_ERROR;
				GCC_WARN_UNDECLARED_SELECTOR = YES;
				GCC_WARN_UNINITIALIZED_AUTOS = YES_AGGRESSIVE;
				GCC_WARN_UNUSED_FUNCTION = YES;
				GCC_WARN_UNUSED_VARIABLE = YES;
				IPHONEOS_DEPLOYMENT_TARGET = 13.0;
				MTL_ENABLE_DEBUG_INFO = NO;
				MTL_FAST_MATH = YES;
				SDKROOT = iphoneos;
				SWIFT_COMPILATION_MODE = wholemodule;
				SWIFT_OPTIMIZATION_LEVEL = "-O";
				VALIDATE_PRODUCT = YES;
			};
			name = Release;
		};
		5F4241C326A06AB5000D528A /* Debug */ = {
			isa = XCBuildConfiguration;
			buildSettings = {
				ASSETCATALOG_COMPILER_APPICON_NAME = AppIcon;
				ASSETCATALOG_COMPILER_GLOBAL_ACCENT_COLOR_NAME = AccentColor;
				CODE_SIGN_STYLE = Automatic;
				DEVELOPMENT_ASSET_PATHS = "\"TicTacToe/Preview Content\"";
				DEVELOPMENT_TEAM = 74W4KWPA75;
				ENABLE_PREVIEWS = YES;
				INFOPLIST_FILE = TicTacToe/Info.plist;
				IPHONEOS_DEPLOYMENT_TARGET = 14.0;
				LD_RUNPATH_SEARCH_PATHS = (
					"$(inherited)",
					"@executable_path/Frameworks",
				);
				PRODUCT_BUNDLE_IDENTIFIER = com.sarkoobi.TicTacToe;
				PRODUCT_NAME = "$(TARGET_NAME)";
				SWIFT_VERSION = 5.0;
				TARGETED_DEVICE_FAMILY = "1,2";
			};
			name = Debug;
		};
		5F4241C426A06AB5000D528A /* Release */ = {
			isa = XCBuildConfiguration;
			buildSettings = {
				ASSETCATALOG_COMPILER_APPICON_NAME = AppIcon;
				ASSETCATALOG_COMPILER_GLOBAL_ACCENT_COLOR_NAME = AccentColor;
				CODE_SIGN_STYLE = Automatic;
				DEVELOPMENT_ASSET_PATHS = "\"TicTacToe/Preview Content\"";
				DEVELOPMENT_TEAM = 74W4KWPA75;
				ENABLE_PREVIEWS = YES;
				INFOPLIST_FILE = TicTacToe/Info.plist;
				IPHONEOS_DEPLOYMENT_TARGET = 14.0;
				LD_RUNPATH_SEARCH_PATHS = (
					"$(inherited)",
					"@executable_path/Frameworks",
				);
				PRODUCT_BUNDLE_IDENTIFIER = com.sarkoobi.TicTacToe;
				PRODUCT_NAME = "$(TARGET_NAME)";
				SWIFT_VERSION = 5.0;
				TARGETED_DEVICE_FAMILY = "1,2";
			};
			name = Release;
		};
/* End XCBuildConfiguration section */

/* Begin XCConfigurationList section */
		5F4241AE26A06AB2000D528A /* Build configuration list for PBXProject "TicTacToe" */ = {
			isa = XCConfigurationList;
			buildConfigurations = (
				5F4241C026A06AB5000D528A /* Debug */,
				5F4241C126A06AB5000D528A /* Release */,
			);
			defaultConfigurationIsVisible = 0;
			defaultConfigurationName = Release;
		};
		5F4241C226A06AB5000D528A /* Build configuration list for PBXNativeTarget "TicTacToe" */ = {
			isa = XCConfigurationList;
			buildConfigurations = (
				5F4241C326A06AB5000D528A /* Debug */,
				5F4241C426A06AB5000D528A /* Release */,
			);
			defaultConfigurationIsVisible = 0;
			defaultConfigurationName = Release;
		};
/* End XCConfigurationList section */
	};
	rootObject = 5F4241AB26A06AB2000D528A /* Project object */;
}
